
Microsoft Visual Studio Solution File, Format Version 12.00
# Visual Studio 14
VisualStudioVersion = 14.0.25123.0
MinimumVisualStudioVersion = 10.0.40219.1
Project("{FAE04EC0-301F-11D3-BF4B-00C04F79EFBC}") = "Cli", "Cli\Cli.csproj", "{14F59415-6705-4C18-AAA5-505F3D161A1F}"
EndProject
Project("{FAE04EC0-301F-11D3-BF4B-00C04F79EFBC}") = "Core", "Core\Core.csproj", "{29D3CA05-7F96-4750-BA4D-B995D5389AC8}"
EndProject
Project("{FAE04EC0-301F-11D3-BF4B-00C04F79EFBC}") = "Tests", "Tests\Tests.csproj", "{A4762976-32BD-45EF-8722-6CF2446AE3F8}"
EndProject
Project("{FAE04EC0-301F-11D3-BF4B-00C04F79EFBC}") = "Gui", "Gui\Gui.csproj", "{79D9B1F1-E6CB-414C-94A4-EB720ECD8BCF}"
EndProject
Project("{FAE04EC0-301F-11D3-BF4B-00C04F79EFBC}") = "GuiControls", "GuiControls\GuiControls.csproj", "{79BAD60D-6E89-4ED2-96E8-5A971E53C44D}"
EndProject
Global
	GlobalSection(SolutionConfigurationPlatforms) = preSolution
		Debug|Any CPU = Debug|Any CPU
		Release|Any CPU = Release|Any CPU
	EndGlobalSection
	GlobalSection(ProjectConfigurationPlatforms) = postSolution
		{14F59415-6705-4C18-AAA5-505F3D161A1F}.Debug|Any CPU.ActiveCfg = Debug|Any CPU
		{14F59415-6705-4C18-AAA5-505F3D161A1F}.Debug|Any CPU.Build.0 = Debug|Any CPU
		{14F59415-6705-4C18-AAA5-505F3D161A1F}.Release|Any CPU.ActiveCfg = Release|Any CPU
		{14F59415-6705-4C18-AAA5-505F3D161A1F}.Release|Any CPU.Build.0 = Release|Any CPU
		{29D3CA05-7F96-4750-BA4D-B995D5389AC8}.Debug|Any CPU.ActiveCfg = Debug|Any CPU
		{29D3CA05-7F96-4750-BA4D-B995D5389AC8}.Debug|Any CPU.Build.0 = Debug|Any CPU
		{29D3CA05-7F96-4750-BA4D-B995D5389AC8}.Release|Any CPU.ActiveCfg = Release|Any CPU
		{29D3CA05-7F96-4750-BA4D-B995D5389AC8}.Release|Any CPU.Build.0 = Release|Any CPU
		{A4762976-32BD-45EF-8722-6CF2446AE3F8}.Debug|Any CPU.ActiveCfg = Debug|Any CPU
		{A4762976-32BD-45EF-8722-6CF2446AE3F8}.Debug|Any CPU.Build.0 = Debug|Any CPU
		{A4762976-32BD-45EF-8722-6CF2446AE3F8}.Release|Any CPU.ActiveCfg = Release|Any CPU
		{A4762976-32BD-45EF-8722-6CF2446AE3F8}.Release|Any CPU.Build.0 = Release|Any CPU
		{79D9B1F1-E6CB-414C-94A4-EB720ECD8BCF}.Debug|Any CPU.ActiveCfg = Debug|Any CPU
		{79D9B1F1-E6CB-414C-94A4-EB720ECD8BCF}.Debug|Any CPU.Build.0 = Debug|Any CPU
		{79D9B1F1-E6CB-414C-94A4-EB720ECD8BCF}.Release|Any CPU.ActiveCfg = Release|Any CPU
		{79D9B1F1-E6CB-414C-94A4-EB720ECD8BCF}.Release|Any CPU.Build.0 = Release|Any CPU
		{79BAD60D-6E89-4ED2-96E8-5A971E53C44D}.Debug|Any CPU.ActiveCfg = Debug|Any CPU
		{79BAD60D-6E89-4ED2-96E8-5A971E53C44D}.Debug|Any CPU.Build.0 = Debug|Any CPU
		{79BAD60D-6E89-4ED2-96E8-5A971E53C44D}.Release|Any CPU.ActiveCfg = Release|Any CPU
		{79BAD60D-6E89-4ED2-96E8-5A971E53C44D}.Release|Any CPU.Build.0 = Release|Any CPU
	EndGlobalSection
	GlobalSection(SolutionProperties) = preSolution
		HideSolutionNode = FALSE
	EndGlobalSection
EndGlobal
