
Microsoft Visual Studio Solution File, Format Version 12.00
# Visual Studio 14
VisualStudioVersion = 14.0.25123.0
MinimumVisualStudioVersion = 10.0.40219.1
Project("{FAE04EC0-301F-11D3-BF4B-00C04F79EFBC}") = "Cli", "Cli\Cli.csproj", "{14F59415-6705-4C18-AAA5-505F3D161A1F}"
EndProject
Project("{FAE04EC0-301F-11D3-BF4B-00C04F79EFBC}") = "Core", "Core\Core.csproj", "{29D3CA05-7F96-4750-BA4D-B995D5389AC8}"
EndProject
Global
	GlobalSection(SolutionConfigurationPlatforms) = preSolution
		Debug|Any CPU = Debug|Any CPU
		Release|Any CPU = Release|Any CPU
	EndGlobalSection
	GlobalSection(ProjectConfigurationPlatforms) = postSolution
		{14F59415-6705-4C18-AAA5-505F3D161A1F}.Debug|Any CPU.ActiveCfg = Debug|Any CPU
		{14F59415-6705-4C18-AAA5-505F3D161A1F}.Debug|Any CPU.Build.0 = Debug|Any CPU
		{14F59415-6705-4C18-AAA5-505F3D161A1F}.Release|Any CPU.ActiveCfg = Release|Any CPU
		{14F59415-6705-4C18-AAA5-505F3D161A1F}.Release|Any CPU.Build.0 = Release|Any CPU
		{29D3CA05-7F96-4750-BA4D-B995D5389AC8}.Debug|Any CPU.ActiveCfg = Debug|Any CPU
		{29D3CA05-7F96-4750-BA4D-B995D5389AC8}.Debug|Any CPU.Build.0 = Debug|Any CPU
		{29D3CA05-7F96-4750-BA4D-B995D5389AC8}.Release|Any CPU.ActiveCfg = Release|Any CPU
		{29D3CA05-7F96-4750-BA4D-B995D5389AC8}.Release|Any CPU.Build.0 = Release|Any CPU
	EndGlobalSection
	GlobalSection(SolutionProperties) = preSolution
		HideSolutionNode = FALSE
	EndGlobalSection
EndGlobal
